
Microsoft Visual Studio Solution File, Format Version 12.00
# Visual Studio Version 16
VisualStudioVersion = 16.0.30413.136
MinimumVisualStudioVersion = 10.0.40219.1
Project("{FAE04EC0-301F-11D3-BF4B-00C04F79EFBC}") = "CropPNG", "CropPNG.csproj", "{3AC225D7-98B6-40E7-865F-61AA849D5DBF}"
EndProject
Global
	GlobalSection(SolutionConfigurationPlatforms) = preSolution
		Debug|Any CPU = Debug|Any CPU
		Release|Any CPU = Release|Any CPU
	EndGlobalSection
	GlobalSection(ProjectConfigurationPlatforms) = postSolution
		{3AC225D7-98B6-40E7-865F-61AA849D5DBF}.Debug|Any CPU.ActiveCfg = Debug|Any CPU
		{3AC225D7-98B6-40E7-865F-61AA849D5DBF}.Debug|Any CPU.Build.0 = Debug|Any CPU
		{3AC225D7-98B6-40E7-865F-61AA849D5DBF}.Release|Any CPU.ActiveCfg = Release|Any CPU
		{3AC225D7-98B6-40E7-865F-61AA849D5DBF}.Release|Any CPU.Build.0 = Release|Any CPU
	EndGlobalSection
	GlobalSection(SolutionProperties) = preSolution
		HideSolutionNode = FALSE
	EndGlobalSection
	GlobalSection(ExtensibilityGlobals) = postSolution
		SolutionGuid = {C73B92C5-E98B-460E-9E94-9A98CF84E223}
	EndGlobalSection
EndGlobal
